
Microsoft Visual Studio Solution File, Format Version 12.00
# Visual Studio Version 16
VisualStudioVersion = 16.0.30011.22
MinimumVisualStudioVersion = 10.0.40219.1
Project("{9A19103F-16F7-4668-BE54-9A1E7A4F7556}") = "cdv-razor", "cdv-razor.csproj", "{15DBEAD1-729C-4BEC-806A-3B1D6858DD13}"
EndProject
Global
	GlobalSection(SolutionConfigurationPlatforms) = preSolution
		Debug|Any CPU = Debug|Any CPU
		Release|Any CPU = Release|Any CPU
	EndGlobalSection
	GlobalSection(ProjectConfigurationPlatforms) = postSolution
		{15DBEAD1-729C-4BEC-806A-3B1D6858DD13}.Debug|Any CPU.ActiveCfg = Debug|Any CPU
		{15DBEAD1-729C-4BEC-806A-3B1D6858DD13}.Debug|Any CPU.Build.0 = Debug|Any CPU
		{15DBEAD1-729C-4BEC-806A-3B1D6858DD13}.Release|Any CPU.ActiveCfg = Release|Any CPU
		{15DBEAD1-729C-4BEC-806A-3B1D6858DD13}.Release|Any CPU.Build.0 = Release|Any CPU
	EndGlobalSection
	GlobalSection(SolutionProperties) = preSolution
		HideSolutionNode = FALSE
	EndGlobalSection
	GlobalSection(ExtensibilityGlobals) = postSolution
		SolutionGuid = {2D85B98E-97C4-48AC-9943-8AA86DC37AFC}
	EndGlobalSection
EndGlobal
